schema: '2.0'
stages:
  get_data:
    cmd: python 02a_sklearn_getdata.py
    deps:
    - path: 02a_sklearn_getdata.py
      md5: 068acc6f767a5220c01e6cb5c13847bd
      size: 134
    outs:
    - path: ./data/diabetes.csv
      md5: b43dd020fa775d93fced49f959c227ed
      size: 23873
  process_data:
    cmd: python 02b_sklearn_processdata.py
    deps:
    - path: ./data/diabetes.csv
      md5: b43dd020fa775d93fced49f959c227ed
      size: 23873
    - path: 02b_sklearn_processdata.py
      md5: 78af5037402d7173e2d062ce628b9069
      size: 117
    outs:
    - path: ./data/processed_data.csv
      md5: 60acca81995dc9744b499005ecfe6f2a
      size: 24059
